
Microsoft Visual Studio Solution File, Format Version 12.00
# Visual Studio 2012
Project("{2150E333-8FDC-42A3-9474-1A3956D46DE8}") = "Guadi.Common", "Guadi.Common", "{82DA22BD-BD62-47BA-82C6-B891012111B0}"
EndProject
Project("{2150E333-8FDC-42A3-9474-1A3956D46DE8}") = "Guadi.User", "Guadi.User", "{7C7389FE-0362-4E12-AC88-3ADD3F83A084}"
EndProject
Project("{FAE04EC0-301F-11D3-BF4B-00C04F79EFBC}") = "Guadi.Common.Data", "Guadi.Common\Guadi.Common.Data.csproj", "{F9BE5878-9EC9-4E85-9086-DC5965426BBB}"
EndProject
Project("{FAE04EC0-301F-11D3-BF4B-00C04F79EFBC}") = "Guadi.User.DAO", "Guadi.User.DAO\Guadi.User.DAO.csproj", "{3B5E3054-7FB7-4643-BBF8-D49C6CECB13F}"
EndProject
Project("{FAE04EC0-301F-11D3-BF4B-00C04F79EFBC}") = "Guadi.User.BLL", "Guadi.User.BLL\Guadi.User.BLL.csproj", "{B30A4876-2646-4C7B-86C4-309E396AFDD3}"
EndProject
Project("{2150E333-8FDC-42A3-9474-1A3956D46DE8}") = "Guadi.Product", "Guadi.Product", "{5184D43F-19CD-4008-958A-50F5BB69806A}"
EndProject
Project("{2150E333-8FDC-42A3-9474-1A3956D46DE8}") = "Guadi.Web", "Guadi.Web", "{64D6C226-7DDF-40E3-8B6F-19C63E692CE7}"
EndProject
Project("{2150E333-8FDC-42A3-9474-1A3956D46DE8}") = "Guadi.Web.Back", "Guadi.Web.Back", "{1F9B8F77-754E-45C6-819B-13EE229E857F}"
EndProject
Project("{2150E333-8FDC-42A3-9474-1A3956D46DE8}") = "Guadi.Web.Front", "Guadi.Web.Front", "{7E022DB1-26F7-4EFA-A554-CC6A66C13FE3}"
EndProject
Project("{FAE04EC0-301F-11D3-BF4B-00C04F79EFBC}") = "Guadi.Web.Edit", "Guadi.Web.Edit\Guadi.Web.Edit.csproj", "{2CD227A4-AE18-4B24-A116-745A5790D3FD}"
EndProject
Project("{FAE04EC0-301F-11D3-BF4B-00C04F79EFBC}") = "Guadi.Web.Edit.Tests", "Guadi.Web.Edit.Tests\Guadi.Web.Edit.Tests.csproj", "{1A5F3E51-F82A-4F61-A79C-4C958C6A8047}"
EndProject
Project("{FAE04EC0-301F-11D3-BF4B-00C04F79EFBC}") = "Guadi.Common.Tools", "Guadi.Common.Tools\Guadi.Common.Tools.csproj", "{45066766-3EB2-4304-84CE-406D47E0BB13}"
EndProject
Project("{FAE04EC0-301F-11D3-BF4B-00C04F79EFBC}") = "Guadi.User.Models", "Guadi.User.Models\Guadi.User.Models.csproj", "{BAFFF386-0AA8-45B9-94E9-B98531161392}"
EndProject
Project("{FAE04EC0-301F-11D3-BF4B-00C04F79EFBC}") = "Guadi.Product.DAO", "Guadi.Product.DAO\Guadi.Product.DAO.csproj", "{2094DFFC-4AD1-4B51-8927-468A3420D447}"
EndProject
Project("{FAE04EC0-301F-11D3-BF4B-00C04F79EFBC}") = "Guadi.Product.BLL", "Guadi.Product.BLL\Guadi.Product.BLL.csproj", "{A04E5ECC-6C08-4E35-AD99-A609CF671E73}"
EndProject
Project("{FAE04EC0-301F-11D3-BF4B-00C04F79EFBC}") = "Guadi.Product.Models", "Guadi.Product.Models\Guadi.Product.Models.csproj", "{3012C56F-7ADA-4DB5-93C7-3D872578AC93}"
EndProject
Project("{FAE04EC0-301F-11D3-BF4B-00C04F79EFBC}") = "Guadi.Product.Web", "Guadi.Product.Web\Guadi.Product.Web.csproj", "{5E581F25-18A9-4703-96C5-E56CBF5BB949}"
EndProject
Project("{FAE04EC0-301F-11D3-BF4B-00C04F79EFBC}") = "Guadi.Product.Web.Tests", "Guadi.Product.Web.Tests\Guadi.Product.Web.Tests.csproj", "{1D23ECF3-4714-4242-85F7-61421CE531E3}"
EndProject
Project("{FAE04EC0-301F-11D3-BF4B-00C04F79EFBC}") = "Guadi.Product.API", "Guadi.Product.API\Guadi.Product.API.csproj", "{D1A323D1-0A15-4FF9-902C-8B4E2CA716CE}"
EndProject
Project("{FAE04EC0-301F-11D3-BF4B-00C04F79EFBC}") = "Guadi.Product.API.Tests", "Guadi.Product.API.Tests\Guadi.Product.API.Tests.csproj", "{2222BE77-0661-414E-B64D-22D3A2A13B92}"
EndProject
Global
	GlobalSection(SolutionConfigurationPlatforms) = preSolution
		Debug|Any CPU = Debug|Any CPU
		Release|Any CPU = Release|Any CPU
	EndGlobalSection
	GlobalSection(ProjectConfigurationPlatforms) = postSolution
		{F9BE5878-9EC9-4E85-9086-DC5965426BBB}.Debug|Any CPU.ActiveCfg = Debug|Any CPU
		{F9BE5878-9EC9-4E85-9086-DC5965426BBB}.Debug|Any CPU.Build.0 = Debug|Any CPU
		{F9BE5878-9EC9-4E85-9086-DC5965426BBB}.Release|Any CPU.ActiveCfg = Release|Any CPU
		{F9BE5878-9EC9-4E85-9086-DC5965426BBB}.Release|Any CPU.Build.0 = Release|Any CPU
		{3B5E3054-7FB7-4643-BBF8-D49C6CECB13F}.Debug|Any CPU.ActiveCfg = Debug|Any CPU
		{3B5E3054-7FB7-4643-BBF8-D49C6CECB13F}.Debug|Any CPU.Build.0 = Debug|Any CPU
		{3B5E3054-7FB7-4643-BBF8-D49C6CECB13F}.Release|Any CPU.ActiveCfg = Release|Any CPU
		{3B5E3054-7FB7-4643-BBF8-D49C6CECB13F}.Release|Any CPU.Build.0 = Release|Any CPU
		{B30A4876-2646-4C7B-86C4-309E396AFDD3}.Debug|Any CPU.ActiveCfg = Debug|Any CPU
		{B30A4876-2646-4C7B-86C4-309E396AFDD3}.Debug|Any CPU.Build.0 = Debug|Any CPU
		{B30A4876-2646-4C7B-86C4-309E396AFDD3}.Release|Any CPU.ActiveCfg = Release|Any CPU
		{B30A4876-2646-4C7B-86C4-309E396AFDD3}.Release|Any CPU.Build.0 = Release|Any CPU
		{2CD227A4-AE18-4B24-A116-745A5790D3FD}.Debug|Any CPU.ActiveCfg = Debug|Any CPU
		{2CD227A4-AE18-4B24-A116-745A5790D3FD}.Debug|Any CPU.Build.0 = Debug|Any CPU
		{2CD227A4-AE18-4B24-A116-745A5790D3FD}.Release|Any CPU.ActiveCfg = Release|Any CPU
		{2CD227A4-AE18-4B24-A116-745A5790D3FD}.Release|Any CPU.Build.0 = Release|Any CPU
		{1A5F3E51-F82A-4F61-A79C-4C958C6A8047}.Debug|Any CPU.ActiveCfg = Debug|Any CPU
		{1A5F3E51-F82A-4F61-A79C-4C958C6A8047}.Debug|Any CPU.Build.0 = Debug|Any CPU
		{1A5F3E51-F82A-4F61-A79C-4C958C6A8047}.Release|Any CPU.ActiveCfg = Release|Any CPU
		{1A5F3E51-F82A-4F61-A79C-4C958C6A8047}.Release|Any CPU.Build.0 = Release|Any CPU
		{45066766-3EB2-4304-84CE-406D47E0BB13}.Debug|Any CPU.ActiveCfg = Debug|Any CPU
		{45066766-3EB2-4304-84CE-406D47E0BB13}.Debug|Any CPU.Build.0 = Debug|Any CPU
		{45066766-3EB2-4304-84CE-406D47E0BB13}.Release|Any CPU.ActiveCfg = Release|Any CPU
		{45066766-3EB2-4304-84CE-406D47E0BB13}.Release|Any CPU.Build.0 = Release|Any CPU
		{BAFFF386-0AA8-45B9-94E9-B98531161392}.Debug|Any CPU.ActiveCfg = Debug|Any CPU
		{BAFFF386-0AA8-45B9-94E9-B98531161392}.Debug|Any CPU.Build.0 = Debug|Any CPU
		{BAFFF386-0AA8-45B9-94E9-B98531161392}.Release|Any CPU.ActiveCfg = Release|Any CPU
		{BAFFF386-0AA8-45B9-94E9-B98531161392}.Release|Any CPU.Build.0 = Release|Any CPU
		{2094DFFC-4AD1-4B51-8927-468A3420D447}.Debug|Any CPU.ActiveCfg = Debug|Any CPU
		{2094DFFC-4AD1-4B51-8927-468A3420D447}.Debug|Any CPU.Build.0 = Debug|Any CPU
		{2094DFFC-4AD1-4B51-8927-468A3420D447}.Release|Any CPU.ActiveCfg = Release|Any CPU
		{2094DFFC-4AD1-4B51-8927-468A3420D447}.Release|Any CPU.Build.0 = Release|Any CPU
		{A04E5ECC-6C08-4E35-AD99-A609CF671E73}.Debug|Any CPU.ActiveCfg = Debug|Any CPU
		{A04E5ECC-6C08-4E35-AD99-A609CF671E73}.Debug|Any CPU.Build.0 = Debug|Any CPU
		{A04E5ECC-6C08-4E35-AD99-A609CF671E73}.Release|Any CPU.ActiveCfg = Release|Any CPU
		{A04E5ECC-6C08-4E35-AD99-A609CF671E73}.Release|Any CPU.Build.0 = Release|Any CPU
		{3012C56F-7ADA-4DB5-93C7-3D872578AC93}.Debug|Any CPU.ActiveCfg = Debug|Any CPU
		{3012C56F-7ADA-4DB5-93C7-3D872578AC93}.Debug|Any CPU.Build.0 = Debug|Any CPU
		{3012C56F-7ADA-4DB5-93C7-3D872578AC93}.Release|Any CPU.ActiveCfg = Release|Any CPU
		{3012C56F-7ADA-4DB5-93C7-3D872578AC93}.Release|Any CPU.Build.0 = Release|Any CPU
		{5E581F25-18A9-4703-96C5-E56CBF5BB949}.Debug|Any CPU.ActiveCfg = Debug|Any CPU
		{5E581F25-18A9-4703-96C5-E56CBF5BB949}.Debug|Any CPU.Build.0 = Debug|Any CPU
		{5E581F25-18A9-4703-96C5-E56CBF5BB949}.Release|Any CPU.ActiveCfg = Release|Any CPU
		{5E581F25-18A9-4703-96C5-E56CBF5BB949}.Release|Any CPU.Build.0 = Release|Any CPU
		{1D23ECF3-4714-4242-85F7-61421CE531E3}.Debug|Any CPU.ActiveCfg = Debug|Any CPU
		{1D23ECF3-4714-4242-85F7-61421CE531E3}.Debug|Any CPU.Build.0 = Debug|Any CPU
		{1D23ECF3-4714-4242-85F7-61421CE531E3}.Release|Any CPU.ActiveCfg = Release|Any CPU
		{1D23ECF3-4714-4242-85F7-61421CE531E3}.Release|Any CPU.Build.0 = Release|Any CPU
		{D1A323D1-0A15-4FF9-902C-8B4E2CA716CE}.Debug|Any CPU.ActiveCfg = Debug|Any CPU
		{D1A323D1-0A15-4FF9-902C-8B4E2CA716CE}.Debug|Any CPU.Build.0 = Debug|Any CPU
		{D1A323D1-0A15-4FF9-902C-8B4E2CA716CE}.Release|Any CPU.ActiveCfg = Release|Any CPU
		{D1A323D1-0A15-4FF9-902C-8B4E2CA716CE}.Release|Any CPU.Build.0 = Release|Any CPU
		{2222BE77-0661-414E-B64D-22D3A2A13B92}.Debug|Any CPU.ActiveCfg = Debug|Any CPU
		{2222BE77-0661-414E-B64D-22D3A2A13B92}.Debug|Any CPU.Build.0 = Debug|Any CPU
		{2222BE77-0661-414E-B64D-22D3A2A13B92}.Release|Any CPU.ActiveCfg = Release|Any CPU
		{2222BE77-0661-414E-B64D-22D3A2A13B92}.Release|Any CPU.Build.0 = Release|Any CPU
	EndGlobalSection
	GlobalSection(SolutionProperties) = preSolution
		HideSolutionNode = FALSE
	EndGlobalSection
	GlobalSection(NestedProjects) = preSolution
		{F9BE5878-9EC9-4E85-9086-DC5965426BBB} = {82DA22BD-BD62-47BA-82C6-B891012111B0}
		{45066766-3EB2-4304-84CE-406D47E0BB13} = {82DA22BD-BD62-47BA-82C6-B891012111B0}
		{3B5E3054-7FB7-4643-BBF8-D49C6CECB13F} = {7C7389FE-0362-4E12-AC88-3ADD3F83A084}
		{B30A4876-2646-4C7B-86C4-309E396AFDD3} = {7C7389FE-0362-4E12-AC88-3ADD3F83A084}
		{BAFFF386-0AA8-45B9-94E9-B98531161392} = {7C7389FE-0362-4E12-AC88-3ADD3F83A084}
		{2094DFFC-4AD1-4B51-8927-468A3420D447} = {5184D43F-19CD-4008-958A-50F5BB69806A}
		{A04E5ECC-6C08-4E35-AD99-A609CF671E73} = {5184D43F-19CD-4008-958A-50F5BB69806A}
		{3012C56F-7ADA-4DB5-93C7-3D872578AC93} = {5184D43F-19CD-4008-958A-50F5BB69806A}
		{5E581F25-18A9-4703-96C5-E56CBF5BB949} = {5184D43F-19CD-4008-958A-50F5BB69806A}
		{1D23ECF3-4714-4242-85F7-61421CE531E3} = {5184D43F-19CD-4008-958A-50F5BB69806A}
		{D1A323D1-0A15-4FF9-902C-8B4E2CA716CE} = {5184D43F-19CD-4008-958A-50F5BB69806A}
		{2222BE77-0661-414E-B64D-22D3A2A13B92} = {5184D43F-19CD-4008-958A-50F5BB69806A}
		{1F9B8F77-754E-45C6-819B-13EE229E857F} = {64D6C226-7DDF-40E3-8B6F-19C63E692CE7}
		{7E022DB1-26F7-4EFA-A554-CC6A66C13FE3} = {64D6C226-7DDF-40E3-8B6F-19C63E692CE7}
		{2CD227A4-AE18-4B24-A116-745A5790D3FD} = {1F9B8F77-754E-45C6-819B-13EE229E857F}
		{1A5F3E51-F82A-4F61-A79C-4C958C6A8047} = {1F9B8F77-754E-45C6-819B-13EE229E857F}
	EndGlobalSection
EndGlobal
